
Microsoft Visual Studio Solution File, Format Version 12.00
# Visual Studio Version 16
VisualStudioVersion = 16.0.30907.101
MinimumVisualStudioVersion = 10.0.40219.1
Project("{FAE04EC0-301F-11D3-BF4B-00C04F79EFBC}") = "yongfa365.tools", "yongfa365.tools\yongfa365.tools.csproj", "{A893B147-9691-4CD9-8B46-884F0DC98FB7}"
EndProject
Global
	GlobalSection(SolutionConfigurationPlatforms) = preSolution
		Debug|Any CPU = Debug|Any CPU
		Release|Any CPU = Release|Any CPU
	EndGlobalSection
	GlobalSection(ProjectConfigurationPlatforms) = postSolution
		{A893B147-9691-4CD9-8B46-884F0DC98FB7}.Debug|Any CPU.ActiveCfg = Debug|Any CPU
		{A893B147-9691-4CD9-8B46-884F0DC98FB7}.Debug|Any CPU.Build.0 = Debug|Any CPU
		{A893B147-9691-4CD9-8B46-884F0DC98FB7}.Release|Any CPU.ActiveCfg = Release|Any CPU
		{A893B147-9691-4CD9-8B46-884F0DC98FB7}.Release|Any CPU.Build.0 = Release|Any CPU
	EndGlobalSection
	GlobalSection(SolutionProperties) = preSolution
		HideSolutionNode = FALSE
	EndGlobalSection
	GlobalSection(ExtensibilityGlobals) = postSolution
		SolutionGuid = {F5E17100-9EAA-4100-B6C2-5DBC3EBD3837}
	EndGlobalSection
EndGlobal
